
Microsoft Visual Studio Solution File, Format Version 12.00
# Visual Studio 15
VisualStudioVersion = 15.0.28307.960
MinimumVisualStudioVersion = 10.0.40219.1
Project("{FAE04EC0-301F-11D3-BF4B-00C04F79EFBC}") = "TodoApi", "TodoApi\TodoApi.csproj", "{232B1F45-D71C-45B6-9550-82FD93798196}"
EndProject
Global
	GlobalSection(SolutionConfigurationPlatforms) = preSolution
		Debug|Any CPU = Debug|Any CPU
		Release|Any CPU = Release|Any CPU
	EndGlobalSection
	GlobalSection(ProjectConfigurationPlatforms) = postSolution
		{232B1F45-D71C-45B6-9550-82FD93798196}.Debug|Any CPU.ActiveCfg = Debug|Any CPU
		{232B1F45-D71C-45B6-9550-82FD93798196}.Debug|Any CPU.Build.0 = Debug|Any CPU
		{232B1F45-D71C-45B6-9550-82FD93798196}.Release|Any CPU.ActiveCfg = Release|Any CPU
		{232B1F45-D71C-45B6-9550-82FD93798196}.Release|Any CPU.Build.0 = Release|Any CPU
	EndGlobalSection
	GlobalSection(SolutionProperties) = preSolution
		HideSolutionNode = FALSE
	EndGlobalSection
	GlobalSection(ExtensibilityGlobals) = postSolution
		SolutionGuid = {EC1F1DC4-1681-41F3-A262-33175B676969}
	EndGlobalSection
EndGlobal
